PODS:
  - audioplayers (0.0.1):
    - Flutter
  - camera (0.0.1):
    - Flutter
  - Flutter (1.0.0)
  - flutter_mapbox_navigation (0.0.20):
    - Flutter
    - MapboxNavigation (~> 1.4)
  - flutter_phone_direct_caller (0.0.1):
    - Flutter
  - geolocator_apple (1.2.0):
    - Flutter
  - image_picker (0.0.1):
    - Flutter
  - Mapbox-iOS-SDK (6.4.1):
    - MapboxMobileEvents (~> 0.10.12)
  - MapboxAccounts (2.3.1)
  - MapboxCommon (9.2.0)
  - MapboxCoreNavigation (1.4.2):
    - MapboxAccounts (~> 2.3.0)
    - MapboxDirections (~> 1.2.0)
    - MapboxMobileEvents (~> 0.10.2)
    - MapboxNavigationNative (~> 32.0)
    - Turf (~> 1.0)
  - MapboxDirections (1.2.0):
    - Polyline (~> 5.0)
    - Turf (~> 1.0)
  - MapboxMobileEvents (0.10.13)
  - MapboxNavigation (1.4.2):
    - Mapbox-iOS-SDK (~> 6.0)
    - MapboxCoreNavigation (= 1.4.2)
    - MapboxMobileEvents (~> 0.10.2)
    - MapboxSpeech (~> 1.0)
    - Solar (~> 2.1)
  - MapboxNavigationNative (32.0.0):
    - MapboxCommon (= 9.2.0)
  - MapboxSpeech (1.0.0)
  - path_provider_ios (0.0.1):
    - Flutter
  - Polyline (5.0.2)
  - Solar (2.1.0)
  - Turf (1.2.0)

DEPENDENCIES:
  - audioplayers (from `.symlinks/plugins/audioplayers/ios`)
  - camera (from `.symlinks/plugins/camera/ios`)
  - Flutter (from `Flutter`)
  - flutter_mapbox_navigation (from `.symlinks/plugins/flutter_mapbox_navigation/ios`)
  - flutter_phone_direct_caller (from `.symlinks/plugins/flutter_phone_direct_caller/ios`)
  - geolocator_apple (from `.symlinks/plugins/geolocator_apple/ios`)
  - image_picker (from `.symlinks/plugins/image_picker/ios`)
  - path_provider_ios (from `.symlinks/plugins/path_provider_ios/ios`)

SPEC REPOS:
  trunk:
    - Mapbox-iOS-SDK
    - MapboxAccounts
    - MapboxCommon
    - MapboxCoreNavigation
    - MapboxDirections
    - MapboxMobileEvents
    - MapboxNavigation
    - MapboxNavigationNative
    - MapboxSpeech
    - Polyline
    - Solar
    - Turf

EXTERNAL SOURCES:
  audioplayers:
    :path: ".symlinks/plugins/audioplayers/ios"
  camera:
    :path: ".symlinks/plugins/camera/ios"
  Flutter:
    :path: Flutter
  flutter_mapbox_navigation:
    :path: ".symlinks/plugins/flutter_mapbox_navigation/ios"
  flutter_phone_direct_caller:
    :path: ".symlinks/plugins/flutter_phone_direct_caller/ios"
  geolocator_apple:
    :path: ".symlinks/plugins/geolocator_apple/ios"
  image_picker:
    :path: ".symlinks/plugins/image_picker/ios"
  path_provider_ios:
    :path: ".symlinks/plugins/path_provider_ios/ios"

SPEC CHECKSUMS:
  audioplayers: 455322b54050b30ea4b1af7cd9e9d105f74efa8c
  camera: fe33292aff715a981eb34d7ce7b35b54337ff34c
  Flutter: 50d75fe2f02b26cc09d224853bb45737f8b3214a
  flutter_mapbox_navigation: b2d023f58478f5f80242db9b70cc75ee37f42e20
  flutter_phone_direct_caller: bd2ffd297f371a8a6c7bfbba0196964ffe3c4358
  geolocator_apple: b741765c55dc21950e3e106e8b3584e55cf81ce5
  image_picker: 9aa50e1d8cdacdbed739e925b7eea16d014367e6
  Mapbox-iOS-SDK: f870f83cbdc7aa4a74afcee143aafb0dae390c82
  MapboxAccounts: e40ef575df5d8b7ef33d0504ff2d393f4fde0455
  MapboxCommon: 2c4ef00c10cba35302835423f4d63c6f3dea4bc4
  MapboxCoreNavigation: fd24751d42a53c2ca4ddebd55f49a11b925f08be
  MapboxDirections: 383df0cd65784897c2269750a42d9654c832f0ce
  MapboxMobileEvents: e78db24b348f48e41e5895be7dc16e5b1bb43562
  MapboxNavigation: b596028515707e1b4b94d22f298a7c7000712e6d
  MapboxNavigationNative: e811b9beed18c01e4693e29f843d36b4a760fa61
  MapboxSpeech: 4b3aea42e35d056fae1d7ad847a9fc0f412d911e
  path_provider_ios: 7d7ce634493af4477d156294792024ec3485acd5
  Polyline: fce41d72e1146c41c6d081f7656827226f643dff
  Solar: 2dc6e7cc39186cb0c8228fa08df76fb50c7d8f24
  Turf: aaa060138b11a8e979a19e6d81091d156a31bc58

PODFILE CHECKSUM: 52bf3b56c493f4e94929c14ba72fc583188f3ea0

COCOAPODS: 1.10.1
